
Microsoft Visual Studio Solution File, Format Version 12.00
# Visual Studio 14
VisualStudioVersion = 14.0.25420.1
MinimumVisualStudioVersion = 10.0.40219.1
Project("{FAE04EC0-301F-11D3-BF4B-00C04F79EFBC}") = "TSharp.DatabaseLog.EF6", "TSharp.DatabaseLog.EF6\TSharp.DatabaseLog.EF6.csproj", "{1013B162-04C7-4F36-8936-724EAAAFC7C6}"
EndProject
Project("{FAE04EC0-301F-11D3-BF4B-00C04F79EFBC}") = "RouteDebugger", "RouteDebugger\RouteDebugger.csproj", "{11C40436-6F9C-4984-B4C3-66EA9D9815AA}"
EndProject
Project("{2150E333-8FDC-42A3-9474-1A3956D46DE8}") = "Solution Items", "Solution Items", "{7D19DABA-64B3-4A79-822C-CA5C9B39FC49}"
	ProjectSection(SolutionItems) = preProject
		Local.testsettings = Local.testsettings
		WebEssentials2015-Settings.json = WebEssentials2015-Settings.json
	EndProjectSection
EndProject
Project("{FAE04EC0-301F-11D3-BF4B-00C04F79EFBC}") = "TSharp.DatabaseLog.EF6.Tests", "TSharp.DatabaseLog.EF6.Tests\TSharp.DatabaseLog.EF6.Tests.csproj", "{775F5518-2B37-47A6-AA15-54CB1744A21F}"
EndProject
Project("{2150E333-8FDC-42A3-9474-1A3956D46DE8}") = ".nuget", ".nuget", "{1A3BB8CF-4234-4E00-80CB-46E5678F3B63}"
	ProjectSection(SolutionItems) = preProject
		.nuget\NuGet.Config = .nuget\NuGet.Config
		.nuget\NuGet.exe = .nuget\NuGet.exe
		.nuget\NuGet.targets = .nuget\NuGet.targets
	EndProjectSection
EndProject
Project("{FAE04EC0-301F-11D3-BF4B-00C04F79EFBC}") = "TSharp.DatabaseLog.EF6.WebTest", "TSharp.DatabaseLog.EF6.WebTest\TSharp.DatabaseLog.EF6.WebTest.csproj", "{45F729C8-8F27-4E81-A889-BCD14C9F9302}"
EndProject
Project("{FAE04EC0-301F-11D3-BF4B-00C04F79EFBC}") = "Runner", "Runner\Runner.csproj", "{386D910F-C66D-426B-8864-319E8618819D}"
EndProject
Project("{FAE04EC0-301F-11D3-BF4B-00C04F79EFBC}") = "TSharp.DatabaseLog.EF6.Tests1", "TSharp.DatabaseLog.EF6.Tests1\TSharp.DatabaseLog.EF6.Tests1.csproj", "{E9ABBD20-85F0-48E4-B919-6D175A31D163}"
EndProject
Global
	GlobalSection(SolutionConfigurationPlatforms) = preSolution
		Debug|Any CPU = Debug|Any CPU
		Release|Any CPU = Release|Any CPU
	EndGlobalSection
	GlobalSection(ProjectConfigurationPlatforms) = postSolution
		{1013B162-04C7-4F36-8936-724EAAAFC7C6}.Debug|Any CPU.ActiveCfg = Debug|Any CPU
		{1013B162-04C7-4F36-8936-724EAAAFC7C6}.Debug|Any CPU.Build.0 = Debug|Any CPU
		{1013B162-04C7-4F36-8936-724EAAAFC7C6}.Release|Any CPU.ActiveCfg = Release|Any CPU
		{1013B162-04C7-4F36-8936-724EAAAFC7C6}.Release|Any CPU.Build.0 = Release|Any CPU
		{11C40436-6F9C-4984-B4C3-66EA9D9815AA}.Debug|Any CPU.ActiveCfg = Debug|Any CPU
		{11C40436-6F9C-4984-B4C3-66EA9D9815AA}.Debug|Any CPU.Build.0 = Debug|Any CPU
		{11C40436-6F9C-4984-B4C3-66EA9D9815AA}.Release|Any CPU.ActiveCfg = Release|Any CPU
		{11C40436-6F9C-4984-B4C3-66EA9D9815AA}.Release|Any CPU.Build.0 = Release|Any CPU
		{775F5518-2B37-47A6-AA15-54CB1744A21F}.Debug|Any CPU.ActiveCfg = Debug|Any CPU
		{775F5518-2B37-47A6-AA15-54CB1744A21F}.Debug|Any CPU.Build.0 = Debug|Any CPU
		{775F5518-2B37-47A6-AA15-54CB1744A21F}.Release|Any CPU.ActiveCfg = Release|Any CPU
		{775F5518-2B37-47A6-AA15-54CB1744A21F}.Release|Any CPU.Build.0 = Release|Any CPU
		{45F729C8-8F27-4E81-A889-BCD14C9F9302}.Debug|Any CPU.ActiveCfg = Debug|Any CPU
		{45F729C8-8F27-4E81-A889-BCD14C9F9302}.Debug|Any CPU.Build.0 = Debug|Any CPU
		{45F729C8-8F27-4E81-A889-BCD14C9F9302}.Release|Any CPU.ActiveCfg = Release|Any CPU
		{45F729C8-8F27-4E81-A889-BCD14C9F9302}.Release|Any CPU.Build.0 = Release|Any CPU
		{386D910F-C66D-426B-8864-319E8618819D}.Debug|Any CPU.ActiveCfg = Debug|Any CPU
		{386D910F-C66D-426B-8864-319E8618819D}.Debug|Any CPU.Build.0 = Debug|Any CPU
		{386D910F-C66D-426B-8864-319E8618819D}.Release|Any CPU.ActiveCfg = Release|Any CPU
		{386D910F-C66D-426B-8864-319E8618819D}.Release|Any CPU.Build.0 = Release|Any CPU
		{E9ABBD20-85F0-48E4-B919-6D175A31D163}.Debug|Any CPU.ActiveCfg = Debug|Any CPU
		{E9ABBD20-85F0-48E4-B919-6D175A31D163}.Debug|Any CPU.Build.0 = Debug|Any CPU
		{E9ABBD20-85F0-48E4-B919-6D175A31D163}.Release|Any CPU.ActiveCfg = Release|Any CPU
		{E9ABBD20-85F0-48E4-B919-6D175A31D163}.Release|Any CPU.Build.0 = Release|Any CPU
	EndGlobalSection
	GlobalSection(SolutionProperties) = preSolution
		HideSolutionNode = FALSE
	EndGlobalSection
	GlobalSection(ExtensibilityGlobals) = postSolution
		BuildVersion_StartDate = 2000/1/1
	EndGlobalSection
EndGlobal
